
Microsoft Visual Studio Solution File, Format Version 12.00
# Visual Studio 14
VisualStudioVersion = 14.0.25123.0
MinimumVisualStudioVersion = 10.0.40219.1
Project("{2150E333-8FDC-42A3-9474-1A3956D46DE8}") = "Tests", "Tests", "{9DEA172E-A766-4E84-B864-28E8C0D4ADAD}"
EndProject
Project("{2150E333-8FDC-42A3-9474-1A3956D46DE8}") = "Services", "Services", "{30A57F8A-4AE7-4588-8820-008AF459356F}"
EndProject
Project("{FAE04EC0-301F-11D3-BF4B-00C04F79EFBC}") = "QuestionServiceWebApi", "QuestionServiceWebApi\QuestionServiceWebApi.csproj", "{4D222FA3-1BB6-46FE-9AA0-D97FB4A92DB5}"
EndProject
Project("{FAE04EC0-301F-11D3-BF4B-00C04F79EFBC}") = "PairingTest.Common", "PairingTest.Common\PairingTest.Common.csproj", "{B67676EB-4B44-43FE-9197-92AE96ED35D4}"
EndProject
Project("{FAE04EC0-301F-11D3-BF4B-00C04F79EFBC}") = "PairingTest.Data", "PairingTest.Data\PairingTest.Data.csproj", "{7411D145-8DCD-4255-9B52-8B96E34901CC}"
EndProject
Project("{FAE04EC0-301F-11D3-BF4B-00C04F79EFBC}") = "PairingTest.Domain", "PairingTest.Domain\PairingTest.Domain.csproj", "{A14AF934-E400-48EA-A924-4F6EEC3A7018}"
EndProject
Project("{FAE04EC0-301F-11D3-BF4B-00C04F79EFBC}") = "PairingTest.Web", "PairingTest.Web\PairingTest.Web.csproj", "{65CEBEEF-89EE-4342-B077-1B31308DFB3D}"
EndProject
Project("{FAE04EC0-301F-11D3-BF4B-00C04F79EFBC}") = "PairingTest.Unit.Tests", "PairingTest.Unit.Tests\PairingTest.Unit.Tests.csproj", "{2831F186-BCC7-4FCC-B5B1-6169467FE334}"
EndProject
Global
	GlobalSection(SolutionConfigurationPlatforms) = preSolution
		Debug|Any CPU = Debug|Any CPU
		Release|Any CPU = Release|Any CPU
	EndGlobalSection
	GlobalSection(ProjectConfigurationPlatforms) = postSolution
		{4D222FA3-1BB6-46FE-9AA0-D97FB4A92DB5}.Debug|Any CPU.ActiveCfg = Debug|Any CPU
		{4D222FA3-1BB6-46FE-9AA0-D97FB4A92DB5}.Debug|Any CPU.Build.0 = Debug|Any CPU
		{4D222FA3-1BB6-46FE-9AA0-D97FB4A92DB5}.Release|Any CPU.ActiveCfg = Release|Any CPU
		{4D222FA3-1BB6-46FE-9AA0-D97FB4A92DB5}.Release|Any CPU.Build.0 = Release|Any CPU
		{B67676EB-4B44-43FE-9197-92AE96ED35D4}.Debug|Any CPU.ActiveCfg = Debug|Any CPU
		{B67676EB-4B44-43FE-9197-92AE96ED35D4}.Debug|Any CPU.Build.0 = Debug|Any CPU
		{B67676EB-4B44-43FE-9197-92AE96ED35D4}.Release|Any CPU.ActiveCfg = Release|Any CPU
		{B67676EB-4B44-43FE-9197-92AE96ED35D4}.Release|Any CPU.Build.0 = Release|Any CPU
		{7411D145-8DCD-4255-9B52-8B96E34901CC}.Debug|Any CPU.ActiveCfg = Debug|Any CPU
		{7411D145-8DCD-4255-9B52-8B96E34901CC}.Debug|Any CPU.Build.0 = Debug|Any CPU
		{7411D145-8DCD-4255-9B52-8B96E34901CC}.Release|Any CPU.ActiveCfg = Release|Any CPU
		{7411D145-8DCD-4255-9B52-8B96E34901CC}.Release|Any CPU.Build.0 = Release|Any CPU
		{A14AF934-E400-48EA-A924-4F6EEC3A7018}.Debug|Any CPU.ActiveCfg = Debug|Any CPU
		{A14AF934-E400-48EA-A924-4F6EEC3A7018}.Debug|Any CPU.Build.0 = Debug|Any CPU
		{A14AF934-E400-48EA-A924-4F6EEC3A7018}.Release|Any CPU.ActiveCfg = Release|Any CPU
		{A14AF934-E400-48EA-A924-4F6EEC3A7018}.Release|Any CPU.Build.0 = Release|Any CPU
		{65CEBEEF-89EE-4342-B077-1B31308DFB3D}.Debug|Any CPU.ActiveCfg = Debug|Any CPU
		{65CEBEEF-89EE-4342-B077-1B31308DFB3D}.Debug|Any CPU.Build.0 = Debug|Any CPU
		{65CEBEEF-89EE-4342-B077-1B31308DFB3D}.Release|Any CPU.ActiveCfg = Release|Any CPU
		{65CEBEEF-89EE-4342-B077-1B31308DFB3D}.Release|Any CPU.Build.0 = Release|Any CPU
		{2831F186-BCC7-4FCC-B5B1-6169467FE334}.Debug|Any CPU.ActiveCfg = Debug|Any CPU
		{2831F186-BCC7-4FCC-B5B1-6169467FE334}.Debug|Any CPU.Build.0 = Debug|Any CPU
		{2831F186-BCC7-4FCC-B5B1-6169467FE334}.Release|Any CPU.ActiveCfg = Release|Any CPU
		{2831F186-BCC7-4FCC-B5B1-6169467FE334}.Release|Any CPU.Build.0 = Release|Any CPU
	EndGlobalSection
	GlobalSection(SolutionProperties) = preSolution
		HideSolutionNode = FALSE
	EndGlobalSection
	GlobalSection(NestedProjects) = preSolution
		{4D222FA3-1BB6-46FE-9AA0-D97FB4A92DB5} = {30A57F8A-4AE7-4588-8820-008AF459356F}
		{2831F186-BCC7-4FCC-B5B1-6169467FE334} = {9DEA172E-A766-4E84-B864-28E8C0D4ADAD}
	EndGlobalSection
EndGlobal
